
Microsoft Visual Studio Solution File, Format Version 12.00
# Visual Studio 2013
VisualStudioVersion = 12.0.40629.0
MinimumVisualStudioVersion = 10.0.40219.1
Project("{FAE04EC0-301F-11D3-BF4B-00C04F79EFBC}") = "ArtistsAlbums.Models", "ArtistsAlbums.Models\ArtistsAlbums.Models.csproj", "{C008B314-6657-4B85-8F9D-62B8D41EDC83}"
EndProject
Project("{FAE04EC0-301F-11D3-BF4B-00C04F79EFBC}") = "ArtistsAlbums.Data", "ArtistsAlbums.Data\ArtistsAlbums.Data.csproj", "{7E3A62BB-C40D-4E5D-81D4-D7568C1E0E64}"
EndProject
Project("{FAE04EC0-301F-11D3-BF4B-00C04F79EFBC}") = "ArtistsAlbums.ConsoleClient", "ArtistsAlbums.ConsoleClient\ArtistsAlbums.ConsoleClient.csproj", "{A983A425-B950-4E22-BF91-4BB1F8B4EEBF}"
EndProject
Global
	GlobalSection(SolutionConfigurationPlatforms) = preSolution
		Debug|Any CPU = Debug|Any CPU
		Release|Any CPU = Release|Any CPU
	EndGlobalSection
	GlobalSection(ProjectConfigurationPlatforms) = postSolution
		{C008B314-6657-4B85-8F9D-62B8D41EDC83}.Debug|Any CPU.ActiveCfg = Debug|Any CPU
		{C008B314-6657-4B85-8F9D-62B8D41EDC83}.Debug|Any CPU.Build.0 = Debug|Any CPU
		{C008B314-6657-4B85-8F9D-62B8D41EDC83}.Release|Any CPU.ActiveCfg = Release|Any CPU
		{C008B314-6657-4B85-8F9D-62B8D41EDC83}.Release|Any CPU.Build.0 = Release|Any CPU
		{7E3A62BB-C40D-4E5D-81D4-D7568C1E0E64}.Debug|Any CPU.ActiveCfg = Debug|Any CPU
		{7E3A62BB-C40D-4E5D-81D4-D7568C1E0E64}.Debug|Any CPU.Build.0 = Debug|Any CPU
		{7E3A62BB-C40D-4E5D-81D4-D7568C1E0E64}.Release|Any CPU.ActiveCfg = Release|Any CPU
		{7E3A62BB-C40D-4E5D-81D4-D7568C1E0E64}.Release|Any CPU.Build.0 = Release|Any CPU
		{A983A425-B950-4E22-BF91-4BB1F8B4EEBF}.Debug|Any CPU.ActiveCfg = Debug|Any CPU
		{A983A425-B950-4E22-BF91-4BB1F8B4EEBF}.Debug|Any CPU.Build.0 = Debug|Any CPU
		{A983A425-B950-4E22-BF91-4BB1F8B4EEBF}.Release|Any CPU.ActiveCfg = Release|Any CPU
		{A983A425-B950-4E22-BF91-4BB1F8B4EEBF}.Release|Any CPU.Build.0 = Release|Any CPU
	EndGlobalSection
	GlobalSection(SolutionProperties) = preSolution
		HideSolutionNode = FALSE
	EndGlobalSection
EndGlobal
