
Microsoft Visual Studio Solution File, Format Version 12.00
# Visual Studio 2013
VisualStudioVersion = 12.0.40629.0
MinimumVisualStudioVersion = 10.0.40219.1
Project("{FAE04EC0-301F-11D3-BF4B-00C04F79EFBC}") = "StudentSystem.Models", "StudentSystem.Models\StudentSystem.Models.csproj", "{A469E50A-9567-499A-B911-A6B88C86898D}"
EndProject
Project("{FAE04EC0-301F-11D3-BF4B-00C04F79EFBC}") = "StudentSystem.Data", "StudentSystem.Data\StudentSystem.Data.csproj", "{F5060EF8-AF82-488A-B333-D32108FBDC7B}"
EndProject
Project("{FAE04EC0-301F-11D3-BF4B-00C04F79EFBC}") = "StudentsSystem.ConsoleClient", "StudentsSystem.ConsoleClient\StudentsSystem.ConsoleClient.csproj", "{F60D1E06-3B88-4AEE-9DBB-9B0FC961FBCF}"
EndProject
Global
	GlobalSection(SolutionConfigurationPlatforms) = preSolution
		Debug|Any CPU = Debug|Any CPU
		Release|Any CPU = Release|Any CPU
	EndGlobalSection
	GlobalSection(ProjectConfigurationPlatforms) = postSolution
		{A469E50A-9567-499A-B911-A6B88C86898D}.Debug|Any CPU.ActiveCfg = Debug|Any CPU
		{A469E50A-9567-499A-B911-A6B88C86898D}.Debug|Any CPU.Build.0 = Debug|Any CPU
		{A469E50A-9567-499A-B911-A6B88C86898D}.Release|Any CPU.ActiveCfg = Release|Any CPU
		{A469E50A-9567-499A-B911-A6B88C86898D}.Release|Any CPU.Build.0 = Release|Any CPU
		{F5060EF8-AF82-488A-B333-D32108FBDC7B}.Debug|Any CPU.ActiveCfg = Debug|Any CPU
		{F5060EF8-AF82-488A-B333-D32108FBDC7B}.Debug|Any CPU.Build.0 = Debug|Any CPU
		{F5060EF8-AF82-488A-B333-D32108FBDC7B}.Release|Any CPU.ActiveCfg = Release|Any CPU
		{F5060EF8-AF82-488A-B333-D32108FBDC7B}.Release|Any CPU.Build.0 = Release|Any CPU
		{F60D1E06-3B88-4AEE-9DBB-9B0FC961FBCF}.Debug|Any CPU.ActiveCfg = Debug|Any CPU
		{F60D1E06-3B88-4AEE-9DBB-9B0FC961FBCF}.Debug|Any CPU.Build.0 = Debug|Any CPU
		{F60D1E06-3B88-4AEE-9DBB-9B0FC961FBCF}.Release|Any CPU.ActiveCfg = Release|Any CPU
		{F60D1E06-3B88-4AEE-9DBB-9B0FC961FBCF}.Release|Any CPU.Build.0 = Release|Any CPU
	EndGlobalSection
	GlobalSection(SolutionProperties) = preSolution
		HideSolutionNode = FALSE
	EndGlobalSection
EndGlobal
